
Microsoft Visual Studio Solution File, Format Version 12.00
# Visual Studio Version 17
VisualStudioVersion = 17.13.35931.197
MinimumVisualStudioVersion = 10.0.40219.1
Project("{FAE04EC0-301F-11D3-BF4B-00C04F79EFBC}") = "Array_1", "Array_1.csproj", "{4A28EF6A-BD44-450C-A5A9-A791A608EF91}"
EndProject
Project("{2150E333-8FDC-42A3-9474-1A3956D46DE8}") = "Array", "Array", "{02EA681E-C7D8-13C7-8484-4AC65E1B71E8}"
EndProject
Project("{FAE04EC0-301F-11D3-BF4B-00C04F79EFBC}") = "Array_tra", "..\Array_tra\Array_tra.csproj", "{D7A4C9A1-CD69-4832-B8FB-5ADCE966A2A0}"
EndProject
Project("{FAE04EC0-301F-11D3-BF4B-00C04F79EFBC}") = "Array_insert", "..\Array_insert\Array_insert.csproj", "{82B8C664-1011-42EE-937A-1281F2351C3F}"
EndProject
Project("{FAE04EC0-301F-11D3-BF4B-00C04F79EFBC}") = "Array_delete", "..\Array_delete\Array_delete.csproj", "{2A73E3F9-8C58-438C-A444-0FF5174892D2}"
EndProject
Project("{FAE04EC0-301F-11D3-BF4B-00C04F79EFBC}") = "Array_update", "..\Array_update\Array_update.csproj", "{772C7689-DA60-40FE-A186-6528BD38C382}"
EndProject
Project("{FAE04EC0-301F-11D3-BF4B-00C04F79EFBC}") = "Array_methods", "..\Array_methods\Array_methods.csproj", "{93CBB877-4A8A-4A1A-8CBA-D997582DA7ED}"
EndProject
Project("{FAE04EC0-301F-11D3-BF4B-00C04F79EFBC}") = "Array_user", "..\Array_user\Array_user.csproj", "{77B29C8B-04BA-4663-92C4-58CC56CDACD2}"
EndProject
Project("{2150E333-8FDC-42A3-9474-1A3956D46DE8}") = "Stack", "Stack", "{82E866AF-7A1D-47D3-BECA-8823150E0322}"
EndProject
Project("{FAE04EC0-301F-11D3-BF4B-00C04F79EFBC}") = "Stack_basic", "..\Stack_basic\Stack_basic.csproj", "{8C2C7F71-50F7-492D-BA3A-C03495D9A0D2}"
EndProject
Project("{FAE04EC0-301F-11D3-BF4B-00C04F79EFBC}") = "Stack_Operation", "..\Stack_Operation\Stack_Operation.csproj", "{E449B830-ACC4-4C37-8710-C9B057A9EBAC}"
EndProject
Project("{2150E333-8FDC-42A3-9474-1A3956D46DE8}") = "Queue", "Queue", "{2AF15A50-31BE-40F3-B803-E882D6CE4186}"
EndProject
Project("{FAE04EC0-301F-11D3-BF4B-00C04F79EFBC}") = "Queue_Operation", "..\Queue_Operation\Queue_Operation.csproj", "{238F34C3-2B54-435D-ADF8-8A75B52ABB75}"
EndProject
Global
	GlobalSection(SolutionConfigurationPlatforms) = preSolution
		Debug|Any CPU = Debug|Any CPU
		Release|Any CPU = Release|Any CPU
	EndGlobalSection
	GlobalSection(ProjectConfigurationPlatforms) = postSolution
		{4A28EF6A-BD44-450C-A5A9-A791A608EF91}.Debug|Any CPU.ActiveCfg = Debug|Any CPU
		{4A28EF6A-BD44-450C-A5A9-A791A608EF91}.Debug|Any CPU.Build.0 = Debug|Any CPU
		{4A28EF6A-BD44-450C-A5A9-A791A608EF91}.Release|Any CPU.ActiveCfg = Release|Any CPU
		{4A28EF6A-BD44-450C-A5A9-A791A608EF91}.Release|Any CPU.Build.0 = Release|Any CPU
		{D7A4C9A1-CD69-4832-B8FB-5ADCE966A2A0}.Debug|Any CPU.ActiveCfg = Debug|Any CPU
		{D7A4C9A1-CD69-4832-B8FB-5ADCE966A2A0}.Debug|Any CPU.Build.0 = Debug|Any CPU
		{D7A4C9A1-CD69-4832-B8FB-5ADCE966A2A0}.Release|Any CPU.ActiveCfg = Release|Any CPU
		{D7A4C9A1-CD69-4832-B8FB-5ADCE966A2A0}.Release|Any CPU.Build.0 = Release|Any CPU
		{82B8C664-1011-42EE-937A-1281F2351C3F}.Debug|Any CPU.ActiveCfg = Debug|Any CPU
		{82B8C664-1011-42EE-937A-1281F2351C3F}.Debug|Any CPU.Build.0 = Debug|Any CPU
		{82B8C664-1011-42EE-937A-1281F2351C3F}.Release|Any CPU.ActiveCfg = Release|Any CPU
		{82B8C664-1011-42EE-937A-1281F2351C3F}.Release|Any CPU.Build.0 = Release|Any CPU
		{2A73E3F9-8C58-438C-A444-0FF5174892D2}.Debug|Any CPU.ActiveCfg = Debug|Any CPU
		{2A73E3F9-8C58-438C-A444-0FF5174892D2}.Debug|Any CPU.Build.0 = Debug|Any CPU
		{2A73E3F9-8C58-438C-A444-0FF5174892D2}.Release|Any CPU.ActiveCfg = Release|Any CPU
		{2A73E3F9-8C58-438C-A444-0FF5174892D2}.Release|Any CPU.Build.0 = Release|Any CPU
		{772C7689-DA60-40FE-A186-6528BD38C382}.Debug|Any CPU.ActiveCfg = Debug|Any CPU
		{772C7689-DA60-40FE-A186-6528BD38C382}.Debug|Any CPU.Build.0 = Debug|Any CPU
		{772C7689-DA60-40FE-A186-6528BD38C382}.Release|Any CPU.ActiveCfg = Release|Any CPU
		{772C7689-DA60-40FE-A186-6528BD38C382}.Release|Any CPU.Build.0 = Release|Any CPU
		{93CBB877-4A8A-4A1A-8CBA-D997582DA7ED}.Debug|Any CPU.ActiveCfg = Debug|Any CPU
		{93CBB877-4A8A-4A1A-8CBA-D997582DA7ED}.Debug|Any CPU.Build.0 = Debug|Any CPU
		{93CBB877-4A8A-4A1A-8CBA-D997582DA7ED}.Release|Any CPU.ActiveCfg = Release|Any CPU
		{93CBB877-4A8A-4A1A-8CBA-D997582DA7ED}.Release|Any CPU.Build.0 = Release|Any CPU
		{77B29C8B-04BA-4663-92C4-58CC56CDACD2}.Debug|Any CPU.ActiveCfg = Debug|Any CPU
		{77B29C8B-04BA-4663-92C4-58CC56CDACD2}.Debug|Any CPU.Build.0 = Debug|Any CPU
		{77B29C8B-04BA-4663-92C4-58CC56CDACD2}.Release|Any CPU.ActiveCfg = Release|Any CPU
		{77B29C8B-04BA-4663-92C4-58CC56CDACD2}.Release|Any CPU.Build.0 = Release|Any CPU
		{8C2C7F71-50F7-492D-BA3A-C03495D9A0D2}.Debug|Any CPU.ActiveCfg = Debug|Any CPU
		{8C2C7F71-50F7-492D-BA3A-C03495D9A0D2}.Debug|Any CPU.Build.0 = Debug|Any CPU
		{8C2C7F71-50F7-492D-BA3A-C03495D9A0D2}.Release|Any CPU.ActiveCfg = Release|Any CPU
		{8C2C7F71-50F7-492D-BA3A-C03495D9A0D2}.Release|Any CPU.Build.0 = Release|Any CPU
		{E449B830-ACC4-4C37-8710-C9B057A9EBAC}.Debug|Any CPU.ActiveCfg = Debug|Any CPU
		{E449B830-ACC4-4C37-8710-C9B057A9EBAC}.Debug|Any CPU.Build.0 = Debug|Any CPU
		{E449B830-ACC4-4C37-8710-C9B057A9EBAC}.Release|Any CPU.ActiveCfg = Release|Any CPU
		{E449B830-ACC4-4C37-8710-C9B057A9EBAC}.Release|Any CPU.Build.0 = Release|Any CPU
		{238F34C3-2B54-435D-ADF8-8A75B52ABB75}.Debug|Any CPU.ActiveCfg = Debug|Any CPU
		{238F34C3-2B54-435D-ADF8-8A75B52ABB75}.Debug|Any CPU.Build.0 = Debug|Any CPU
		{238F34C3-2B54-435D-ADF8-8A75B52ABB75}.Release|Any CPU.ActiveCfg = Release|Any CPU
		{238F34C3-2B54-435D-ADF8-8A75B52ABB75}.Release|Any CPU.Build.0 = Release|Any CPU
	EndGlobalSection
	GlobalSection(SolutionProperties) = preSolution
		HideSolutionNode = FALSE
	EndGlobalSection
	GlobalSection(NestedProjects) = preSolution
		{D7A4C9A1-CD69-4832-B8FB-5ADCE966A2A0} = {02EA681E-C7D8-13C7-8484-4AC65E1B71E8}
		{82B8C664-1011-42EE-937A-1281F2351C3F} = {02EA681E-C7D8-13C7-8484-4AC65E1B71E8}
		{2A73E3F9-8C58-438C-A444-0FF5174892D2} = {02EA681E-C7D8-13C7-8484-4AC65E1B71E8}
		{772C7689-DA60-40FE-A186-6528BD38C382} = {02EA681E-C7D8-13C7-8484-4AC65E1B71E8}
		{93CBB877-4A8A-4A1A-8CBA-D997582DA7ED} = {02EA681E-C7D8-13C7-8484-4AC65E1B71E8}
		{77B29C8B-04BA-4663-92C4-58CC56CDACD2} = {02EA681E-C7D8-13C7-8484-4AC65E1B71E8}
		{8C2C7F71-50F7-492D-BA3A-C03495D9A0D2} = {82E866AF-7A1D-47D3-BECA-8823150E0322}
		{E449B830-ACC4-4C37-8710-C9B057A9EBAC} = {82E866AF-7A1D-47D3-BECA-8823150E0322}
		{238F34C3-2B54-435D-ADF8-8A75B52ABB75} = {2AF15A50-31BE-40F3-B803-E882D6CE4186}
	EndGlobalSection
	GlobalSection(ExtensibilityGlobals) = postSolution
		SolutionGuid = {562E0199-9F2E-47E1-BA5B-6F25C8C50F2B}
	EndGlobalSection
EndGlobal
